{
  "name": "@praval/prvl-sub-grid-component",
  "version": "1.0.0",
  "lockfileVersion": 3,
  "requires": true,
  "packages": {
    "": {
      "name": "@praval/prvl-sub-grid-component",
      "version": "1.0.0",
      "license": "Apache-2.0",
      "dependencies": {
        "@open-wc/dedupe-mixin": "^1.3.0",
        "@polymer/polymer": "^3.0.0",
        "@vaadin/a11y-base": "^24.7.0",
        "@vaadin/checkbox": "^24.7.0",
        "@vaadin/component-base": "^24.7.0",
        "@vaadin/lit-renderer": "^24.7.0",
        "@vaadin/text-field": "^24.7.0",
        "@vaadin/vaadin-lumo-styles": "^24.7.0",
        "@vaadin/vaadin-material-styles": "^24.7.0",
        "@vaadin/vaadin-themable-mixin": "^24.7.0",
        "lit": "^3.0.0"
      },
      "devDependencies": {
        "sinon": "^18.0.0"
      }
    },
    "node_modules/@lit-labs/ssr-dom-shim": {
      "version": "1.5.1",
      "resolved": "https://registry.npmjs.org/@lit-labs/ssr-dom-shim/-/ssr-dom-shim-1.5.1.tgz",
      "integrity": "sha512-Aou5UdlSpr5whQe8AA/bZG0jMj96CoJIWbGfZ91qieWu5AWUMKw8VR/pAkQkJYvBNhmCcWnZlyyk5oze8JIqYA==",
      "license": "BSD-3-Clause"
    },
    "node_modules/@lit/reactive-element": {
      "version": "2.1.2",
      "resolved": "https://registry.npmjs.org/@lit/reactive-element/-/reactive-element-2.1.2.tgz",
      "integrity": "sha512-pbCDiVMnne1lYUIaYNN5wrwQXDtHaYtg7YEFPeW+hws6U47WeFvISGUWekPGKWOP1ygrs0ef0o1VJMk1exos5A==",
      "license": "BSD-3-Clause",
      "dependencies": {
        "@lit-labs/ssr-dom-shim": "^1.5.0"
      }
    },
    "node_modules/@open-wc/dedupe-mixin": {
      "version": "1.4.0",
      "resolved": "https://registry.npmjs.org/@open-wc/dedupe-mixin/-/dedupe-mixin-1.4.0.tgz",
      "integrity": "sha512-Sj7gKl1TLcDbF7B6KUhtvr+1UCxdhMbNY5KxdU5IfMFWqL8oy1ZeAcCANjoB1TL0AJTcPmcCFsCbHf8X2jGDUA==",
      "license": "MIT"
    },
    "node_modules/@polymer/polymer": {
      "version": "3.5.2",
      "resolved": "https://registry.npmjs.org/@polymer/polymer/-/polymer-3.5.2.tgz",
      "integrity": "sha512-fWwImY/UH4bb2534DVSaX+Azs2yKg8slkMBHOyGeU2kKx7Xmxp6Lee0jP8p6B3d7c1gFUPB2Z976dTUtX81pQA==",
      "license": "BSD-3-Clause",
      "dependencies": {
        "@webcomponents/shadycss": "^1.9.1"
      }
    },
    "node_modules/@sinonjs/commons": {
      "version": "3.0.1",
      "resolved": "https://registry.npmjs.org/@sinonjs/commons/-/commons-3.0.1.tgz",
      "integrity": "sha512-K3mCHKQ9sVh8o1C9cxkwxaOmXoAMlDxC1mYyHrjqOWEcBjYr76t96zL2zlj5dUGZ3HSw240X1qgH3Mjf1yJWpQ==",
      "dev": true,
      "license": "BSD-3-Clause",
      "dependencies": {
        "type-detect": "4.0.8"
      }
    },
    "node_modules/@sinonjs/fake-timers": {
      "version": "11.2.2",
      "dev": true,
      "license": "BSD-3-Clause",
      "dependencies": {
        "@sinonjs/commons": "^3.0.0"
      }
    },
    "node_modules/@sinonjs/samsam": {
      "version": "8.0.3",
      "resolved": "https://registry.npmjs.org/@sinonjs/samsam/-/samsam-8.0.3.tgz",
      "integrity": "sha512-hw6HbX+GyVZzmaYNh82Ecj1vdGZrqVIn/keDTg63IgAwiQPO+xCz99uG6Woqgb4tM0mUiFENKZ4cqd7IX94AXQ==",
      "dev": true,
      "license": "BSD-3-Clause",
      "dependencies": {
        "@sinonjs/commons": "^3.0.1",
        "type-detect": "^4.1.0"
      }
    },
    "node_modules/@sinonjs/samsam/node_modules/type-detect": {
      "version": "4.1.0",
      "resolved": "https://registry.npmjs.org/type-detect/-/type-detect-4.1.0.tgz",
      "integrity": "sha512-Acylog8/luQ8L7il+geoSxhEkazvkslg7PSNKOX59mbB9cOveP5aq9h74Y7YU8yDpJwetzQQrfIwtf4Wp4LKcw==",
      "dev": true,
      "license": "MIT",
      "engines": {
        "node": ">=4"
      }
    },
    "node_modules/@types/trusted-types": {
      "version": "2.0.7",
      "resolved": "https://registry.npmjs.org/@types/trusted-types/-/trusted-types-2.0.7.tgz",
      "integrity": "sha512-ScaPdn1dQczgbl0QFTeTOmVHFULt394XJgOQNoyVhZ6r2vLnMLJfBPd53SB52T/3G36VI1/g2MZaX0cwDuXsfw==",
      "license": "MIT"
    },
    "node_modules/@vaadin/a11y-base": {
      "version": "24.9.13",
      "resolved": "https://registry.npmjs.org/@vaadin/a11y-base/-/a11y-base-24.9.13.tgz",
      "integrity": "sha512-yHTJXKNXNPlgbvRQrLfYRATSrbDSIHrm1kvwTOXxTHuK3+Jh337FumhNu5Xl8QWBp1Z3iPahxT9Qup/vcRtwIA==",
      "license": "Apache-2.0",
      "dependencies": {
        "@open-wc/dedupe-mixin": "^1.3.0",
        "@polymer/polymer": "^3.0.0",
        "@vaadin/component-base": "~24.9.13",
        "lit": "^3.0.0"
      }
    },
    "node_modules/@vaadin/checkbox": {
      "version": "24.9.13",
      "resolved": "https://registry.npmjs.org/@vaadin/checkbox/-/checkbox-24.9.13.tgz",
      "integrity": "sha512-sGu5xuyp/E64y8hAeh+uxEKvkOG5+NpWW1zI5qfYVCBKCrLcExngcpjpj2hckW5fWsYgVJNkokhzDPk4obBGcw==",
      "license": "Apache-2.0",
      "dependencies": {
        "@open-wc/dedupe-mixin": "^1.3.0",
        "@polymer/polymer": "^3.0.0",
        "@vaadin/a11y-base": "~24.9.13",
        "@vaadin/component-base": "~24.9.13",
        "@vaadin/field-base": "~24.9.13",
        "@vaadin/vaadin-lumo-styles": "~24.9.13",
        "@vaadin/vaadin-material-styles": "~24.9.13",
        "@vaadin/vaadin-themable-mixin": "~24.9.13",
        "lit": "^3.0.0"
      }
    },
    "node_modules/@vaadin/component-base": {
      "version": "24.9.13",
      "resolved": "https://registry.npmjs.org/@vaadin/component-base/-/component-base-24.9.13.tgz",
      "integrity": "sha512-OvP2kIDhO8NFunZeNXnGfQZhIxDn01skl/MKRiy/w3Syj0z/XXC1SoDBk1epR85EgsoNI7R6mF5VX/DzD9L46g==",
      "license": "Apache-2.0",
      "dependencies": {
        "@open-wc/dedupe-mixin": "^1.3.0",
        "@polymer/polymer": "^3.0.0",
        "@vaadin/vaadin-development-mode-detector": "^2.0.0",
        "@vaadin/vaadin-usage-statistics": "^2.1.0",
        "lit": "^3.0.0"
      }
    },
    "node_modules/@vaadin/field-base": {
      "version": "24.9.13",
      "resolved": "https://registry.npmjs.org/@vaadin/field-base/-/field-base-24.9.13.tgz",
      "integrity": "sha512-ad2SqqXD/U+mfX8/0FXpfEMw2j+dKCy3t1zt3O1YppyarQVXVOFgCnPavubcvGyiSMlYW8r1iwbtUpB2oQuhJQ==",
      "license": "Apache-2.0",
      "dependencies": {
        "@open-wc/dedupe-mixin": "^1.3.0",
        "@polymer/polymer": "^3.0.0",
        "@vaadin/a11y-base": "~24.9.13",
        "@vaadin/component-base": "~24.9.13",
        "lit": "^3.0.0"
      }
    },
    "node_modules/@vaadin/icon": {
      "version": "24.9.13",
      "resolved": "https://registry.npmjs.org/@vaadin/icon/-/icon-24.9.13.tgz",
      "integrity": "sha512-6S5e3XHURyy4WXzDVvYJl4WZPrWgJlCS3GEUMGmE1AwGwTsfE6pEqnJeKxJ9TxsIQaQYzUrjG1KAA1MyJ6RRgA==",
      "license": "Apache-2.0",
      "dependencies": {
        "@open-wc/dedupe-mixin": "^1.3.0",
        "@polymer/polymer": "^3.0.0",
        "@vaadin/component-base": "~24.9.13",
        "@vaadin/vaadin-lumo-styles": "~24.9.13",
        "@vaadin/vaadin-themable-mixin": "~24.9.13",
        "lit": "^3.0.0"
      }
    },
    "node_modules/@vaadin/input-container": {
      "version": "24.9.13",
      "resolved": "https://registry.npmjs.org/@vaadin/input-container/-/input-container-24.9.13.tgz",
      "integrity": "sha512-DBhih7er0F5sBl6snTNwVgNS4LEAeILLMHWtARJrCOhuUSlPNDG1TMQ/xKPKDJs5okys8i//9sAC+3C2xiObNg==",
      "license": "Apache-2.0",
      "dependencies": {
        "@polymer/polymer": "^3.0.0",
        "@vaadin/component-base": "~24.9.13",
        "@vaadin/vaadin-lumo-styles": "~24.9.13",
        "@vaadin/vaadin-material-styles": "~24.9.13",
        "@vaadin/vaadin-themable-mixin": "~24.9.13",
        "lit": "^3.0.0"
      }
    },
    "node_modules/@vaadin/lit-renderer": {
      "version": "24.9.13",
      "resolved": "https://registry.npmjs.org/@vaadin/lit-renderer/-/lit-renderer-24.9.13.tgz",
      "integrity": "sha512-NQqAdRQJdPyICBB3a5YPtcx6txgFmFNlQvs5ayOpKJrLfLsd6crcZqEd6zberN+LoThENJqh/XzNqd52QYTBgQ==",
      "license": "Apache-2.0",
      "dependencies": {
        "lit": "^3.0.0"
      }
    },
    "node_modules/@vaadin/text-field": {
      "version": "24.9.13",
      "resolved": "https://registry.npmjs.org/@vaadin/text-field/-/text-field-24.9.13.tgz",
      "integrity": "sha512-sqm0V7t58jA0UxMzskPDO9mYqpo4xCJbUkmRgZpTiMKyxEW+oHnNRInMzcnleUg/AAP1SNJxaK29I5H+1FOLoA==",
      "license": "Apache-2.0",
      "dependencies": {
        "@open-wc/dedupe-mixin": "^1.3.0",
        "@polymer/polymer": "^3.0.0",
        "@vaadin/a11y-base": "~24.9.13",
        "@vaadin/component-base": "~24.9.13",
        "@vaadin/field-base": "~24.9.13",
        "@vaadin/input-container": "~24.9.13",
        "@vaadin/vaadin-lumo-styles": "~24.9.13",
        "@vaadin/vaadin-material-styles": "~24.9.13",
        "@vaadin/vaadin-themable-mixin": "~24.9.13",
        "lit": "^3.0.0"
      }
    },
    "node_modules/@vaadin/vaadin-development-mode-detector": {
      "version": "2.0.7",
      "resolved": "https://registry.npmjs.org/@vaadin/vaadin-development-mode-detector/-/vaadin-development-mode-detector-2.0.7.tgz",
      "integrity": "sha512-9FhVhr0ynSR3X2ao+vaIEttcNU5XfzCbxtmYOV8uIRnUCtNgbvMOIcyGBvntsX9I5kvIP2dV3cFAOG9SILJzEA==",
      "license": "Apache-2.0"
    },
    "node_modules/@vaadin/vaadin-lumo-styles": {
      "version": "24.9.13",
      "resolved": "https://registry.npmjs.org/@vaadin/vaadin-lumo-styles/-/vaadin-lumo-styles-24.9.13.tgz",
      "integrity": "sha512-qUqXgTFLmpHcy/hGS7nmUEdrrfynrPSv8zPJVw4PPqfCIkcWe53oXT7QNJpwp+XRrrd1CoKZzSDubSFDTT9dxQ==",
      "license": "Apache-2.0",
      "dependencies": {
        "@polymer/polymer": "^3.0.0",
        "@vaadin/component-base": "~24.9.13",
        "@vaadin/icon": "~24.9.13",
        "@vaadin/vaadin-themable-mixin": "~24.9.13"
      }
    },
    "node_modules/@vaadin/vaadin-material-styles": {
      "version": "24.9.13",
      "resolved": "https://registry.npmjs.org/@vaadin/vaadin-material-styles/-/vaadin-material-styles-24.9.13.tgz",
      "integrity": "sha512-PVkFC9XvI5KDWVWpdR5J8ju3Q7tKz8ueSPqZYJ0ETQNPBvsveJg+4o2FJcsKg3Cdruu9puOVgV+6mkwnvPXb3w==",
      "license": "Apache-2.0",
      "dependencies": {
        "@polymer/polymer": "^3.0.0",
        "@vaadin/component-base": "~24.9.13",
        "@vaadin/vaadin-themable-mixin": "~24.9.13"
      }
    },
    "node_modules/@vaadin/vaadin-themable-mixin": {
      "version": "24.9.13",
      "resolved": "https://registry.npmjs.org/@vaadin/vaadin-themable-mixin/-/vaadin-themable-mixin-24.9.13.tgz",
      "integrity": "sha512-FYqDaqbRjF78a6e7oSFkw5heLHO9nczAHCbr/N+3oQGI9w3hkXt2uN51ByAajDCPVau2fPNsBN7fTJgYDRHL/g==",
      "license": "Apache-2.0",
      "dependencies": {
        "@open-wc/dedupe-mixin": "^1.3.0",
        "lit": "^3.0.0",
        "style-observer": "^0.0.8"
      }
    },
    "node_modules/@vaadin/vaadin-usage-statistics": {
      "version": "2.1.3",
      "resolved": "https://registry.npmjs.org/@vaadin/vaadin-usage-statistics/-/vaadin-usage-statistics-2.1.3.tgz",
      "integrity": "sha512-8r4TNknD7OJQADe3VygeofFR7UNAXZ2/jjBFP5dgI8+2uMfnuGYgbuHivasKr9WSQ64sPej6m8rDoM1uSllXjQ==",
      "hasInstallScript": true,
      "license": "Apache-2.0",
      "dependencies": {
        "@vaadin/vaadin-development-mode-detector": "^2.0.0"
      },
      "engines": {
        "node": "^12.20.0 || ^14.13.1 || >=16.0.0"
      }
    },
    "node_modules/@webcomponents/shadycss": {
      "version": "1.11.2",
      "resolved": "https://registry.npmjs.org/@webcomponents/shadycss/-/shadycss-1.11.2.tgz",
      "integrity": "sha512-vRq+GniJAYSBmTRnhCYPAPq6THYqovJ/gzGThWbgEZUQaBccndGTi1hdiUP15HzEco0I6t4RCtXyX0rsSmwgPw==",
      "license": "BSD-3-Clause"
    },
    "node_modules/diff": {
      "version": "5.2.2",
      "resolved": "https://registry.npmjs.org/diff/-/diff-5.2.2.tgz",
      "integrity": "sha512-vtcDfH3TOjP8UekytvnHH1o1P4FcUdt4eQ1Y+Abap1tk/OB2MWQvcwS2ClCd1zuIhc3JKOx6p3kod8Vfys3E+A==",
      "dev": true,
      "license": "BSD-3-Clause",
      "engines": {
        "node": ">=0.3.1"
      }
    },
    "node_modules/has-flag": {
      "version": "4.0.0",
      "resolved": "https://registry.npmjs.org/has-flag/-/has-flag-4.0.0.tgz",
      "integrity": "sha512-EykJT/Q1KjTWctppgIAgfSO0tKVuZUjhgMr17kqTumMl6Afv3EISleU7qZUzoXDFTAHTDC4NOoG/ZxU3EvlMPQ==",
      "dev": true,
      "license": "MIT",
      "engines": {
        "node": ">=8"
      }
    },
    "node_modules/just-extend": {
      "version": "6.2.0",
      "resolved": "https://registry.npmjs.org/just-extend/-/just-extend-6.2.0.tgz",
      "integrity": "sha512-cYofQu2Xpom82S6qD778jBDpwvvy39s1l/hrYij2u9AMdQcGRpaBu6kY4mVhuno5kJVi1DAz4aiphA2WI1/OAw==",
      "dev": true,
      "license": "MIT"
    },
    "node_modules/lit": {
      "version": "3.3.2",
      "resolved": "https://registry.npmjs.org/lit/-/lit-3.3.2.tgz",
      "integrity": "sha512-NF9zbsP79l4ao2SNrH3NkfmFgN/hBYSQo90saIVI1o5GpjAdCPVstVzO1MrLOakHoEhYkrtRjPK6Ob521aoYWQ==",
      "license": "BSD-3-Clause",
      "dependencies": {
        "@lit/reactive-element": "^2.1.0",
        "lit-element": "^4.2.0",
        "lit-html": "^3.3.0"
      }
    },
    "node_modules/lit-element": {
      "version": "4.2.2",
      "resolved": "https://registry.npmjs.org/lit-element/-/lit-element-4.2.2.tgz",
      "integrity": "sha512-aFKhNToWxoyhkNDmWZwEva2SlQia+jfG0fjIWV//YeTaWrVnOxD89dPKfigCUspXFmjzOEUQpOkejH5Ly6sG0w==",
      "license": "BSD-3-Clause",
      "dependencies": {
        "@lit-labs/ssr-dom-shim": "^1.5.0",
        "@lit/reactive-element": "^2.1.0",
        "lit-html": "^3.3.0"
      }
    },
    "node_modules/lit-html": {
      "version": "3.3.2",
      "resolved": "https://registry.npmjs.org/lit-html/-/lit-html-3.3.2.tgz",
      "integrity": "sha512-Qy9hU88zcmaxBXcc10ZpdK7cOLXvXpRoBxERdtqV9QOrfpMZZ6pSYP91LhpPtap3sFMUiL7Tw2RImbe0Al2/kw==",
      "license": "BSD-3-Clause",
      "dependencies": {
        "@types/trusted-types": "^2.0.2"
      }
    },
    "node_modules/nise": {
      "version": "6.1.4",
      "resolved": "https://registry.npmjs.org/nise/-/nise-6.1.4.tgz",
      "integrity": "sha512-vSA4IpRHRWZkmotu61SvF45Jirq4CTLT3KKOWJPsPMtxtOBOlxcAlXfv/OrWxkzAJiCBrvdfWvGQjHT7r7+Qqg==",
      "dev": true,
      "license": "BSD-3-Clause",
      "dependencies": {
        "@sinonjs/commons": "^3.0.1",
        "@sinonjs/fake-timers": "^15.1.1",
        "just-extend": "^6.2.0",
        "path-to-regexp": "^8.3.0"
      }
    },
    "node_modules/nise/node_modules/@sinonjs/fake-timers": {
      "version": "15.1.1",
      "resolved": "https://registry.npmjs.org/@sinonjs/fake-timers/-/fake-timers-15.1.1.tgz",
      "integrity": "sha512-cO5W33JgAPbOh07tvZjUOJ7oWhtaqGHiZw+11DPbyqh2kHTBc3eF/CjJDeQ4205RLQsX6rxCuYOroFQwl7JDRw==",
      "dev": true,
      "license": "BSD-3-Clause",
      "dependencies": {
        "@sinonjs/commons": "^3.0.1"
      }
    },
    "node_modules/path-to-regexp": {
      "version": "8.3.0",
      "resolved": "https://registry.npmjs.org/path-to-regexp/-/path-to-regexp-8.3.0.tgz",
      "integrity": "sha512-7jdwVIRtsP8MYpdXSwOS0YdD0Du+qOoF/AEPIt88PcCFrZCzx41oxku1jD88hZBwbNUIEfpqvuhjFaMAqMTWnA==",
      "dev": true,
      "license": "MIT",
      "funding": {
        "type": "opencollective",
        "url": "https://opencollective.com/express"
      }
    },
    "node_modules/sinon": {
      "version": "18.0.1",
      "dev": true,
      "license": "BSD-3-Clause",
      "dependencies": {
        "@sinonjs/commons": "^3.0.1",
        "@sinonjs/fake-timers": "11.2.2",
        "@sinonjs/samsam": "^8.0.0",
        "diff": "^5.2.0",
        "nise": "^6.0.0",
        "supports-color": "^7"
      },
      "funding": {
        "type": "opencollective",
        "url": "https://opencollective.com/sinon"
      }
    },
    "node_modules/style-observer": {
      "version": "0.0.8",
      "resolved": "https://registry.npmjs.org/style-observer/-/style-observer-0.0.8.tgz",
      "integrity": "sha512-UaIPn33Sx4BJ+goia51Q++VFWoplWK1995VdxQYzwwbFa+FUNLKlG+aiIdG2Vw7VyzIUBi8tqu8mTyg0Ppu6Yg==",
      "funding": [
        {
          "type": "individual",
          "url": "https://github.com/sponsors/LeaVerou"
        },
        {
          "type": "opencollective",
          "url": "https://opencollective.com/leaverou"
        }
      ],
      "license": "MIT"
    },
    "node_modules/supports-color": {
      "version": "7.2.0",
      "resolved": "https://registry.npmjs.org/supports-color/-/supports-color-7.2.0.tgz",
      "integrity": "sha512-qpCAvRl9stuOHveKsn7HncJRvv501qIacKzQlO/+Lwxc9+0q2wLyv4Dfvt80/DPn2pqOBsJdDiogXGR9+OvwRw==",
      "dev": true,
      "license": "MIT",
      "dependencies": {
        "has-flag": "^4.0.0"
      },
      "engines": {
        "node": ">=8"
      }
    },
    "node_modules/type-detect": {
      "version": "4.0.8",
      "resolved": "https://registry.npmjs.org/type-detect/-/type-detect-4.0.8.tgz",
      "integrity": "sha512-0fr/mIH1dlO+x7TlcMy+bIDqKPsw/70tVyeHW787goQjhmqaZe10uwLujubK9q9Lg6Fiho1KUKDYz0Z7k7g5/g==",
      "dev": true,
      "license": "MIT",
      "engines": {
        "node": ">=4"
      }
    }
  }
}
